
Microsoft Visual Studio Solution File, Format Version 12.00
# Visual Studio 15
VisualStudioVersion = 15.0.28307.168
MinimumVisualStudioVersion = 10.0.40219.1
Project("{8BC9CEB8-8B4A-11D0-8D11-00A0C91BC942}") = "02-01_First", "02-01_First\02-01_First.vcxproj", "{F245DD75-43AF-4965-8268-0864EE29A413}"
EndProject
Project("{8BC9CEB8-8B4A-11D0-8D11-00A0C91BC942}") = "03-01_TextOut", "03-01_TextOut\03-01_TextOut.vcxproj", "{7E696A6A-5C73-41E8-842C-257D80ED1CA4}"
EndProject
Project("{8BC9CEB8-8B4A-11D0-8D11-00A0C91BC942}") = "03-02_DrawText", "03-02_DrawText\03-02_DrawText.vcxproj", "{BF38C511-B8AA-4B6F-B376-CF2B4D47DDF9}"
EndProject
Project("{8BC9CEB8-8B4A-11D0-8D11-00A0C91BC942}") = "03-03_GraphOut", "03-03_GraphOut\03-03_GraphOut.vcxproj", "{90555613-3488-4806-A690-58BF855BCF98}"
EndProject
Project("{8BC9CEB8-8B4A-11D0-8D11-00A0C91BC942}") = "03-04_MessageBox", "03-04_MessageBox\03-04_MessageBox.vcxproj", "{8EE82E70-ACCA-4AA6-88A0-772FF9E2F76C}"
EndProject
Project("{8BC9CEB8-8B4A-11D0-8D11-00A0C91BC942}") = "04-01_Key", "04-01_Key\04-01_Key.vcxproj", "{D2FC9391-E8B1-49FD-80EC-8758C9117011}"
EndProject
Project("{8BC9CEB8-8B4A-11D0-8D11-00A0C91BC942}") = "04-02_KeyDown", "04-02_KeyDown\04-02_KeyDown.vcxproj", "{81EB486A-C13A-4C16-8161-8FC83FA9BD94}"
EndProject
Project("{8BC9CEB8-8B4A-11D0-8D11-00A0C91BC942}") = "04-03_KeyDown2", "04-03_KeyDown2\04-03_KeyDown2.vcxproj", "{B28D3ED5-1D04-4E19-9F73-DA694CC54B25}"
EndProject
Project("{8BC9CEB8-8B4A-11D0-8D11-00A0C91BC942}") = "04-04_Mouse", "04-04_Mouse\04-04_Mouse.vcxproj", "{A534A4F7-58AF-4F8C-B5CA-AFD4A59D2080}"
EndProject
Project("{8BC9CEB8-8B4A-11D0-8D11-00A0C91BC942}") = "04-05_MouseDoubleClick", "04-05_MouseDoubleClick\04-05_MouseDoubleClick.vcxproj", "{B56D87FB-BEF3-48C6-A338-F2F0D5522592}"
EndProject
Project("{8BC9CEB8-8B4A-11D0-8D11-00A0C91BC942}") = "04-06_MyTimer", "04-06_MyTimer\04-06_MyTimer.vcxproj", "{39964986-0B53-40BD-9E2F-2F25F9E69D86}"
EndProject
Project("{8BC9CEB8-8B4A-11D0-8D11-00A0C91BC942}") = "04-07_SendMessage", "04-07_SendMessage\04-07_SendMessage.vcxproj", "{C77BD0DD-DE91-4A44-9B3C-A69D63455EE3}"
EndProject
Project("{8BC9CEB8-8B4A-11D0-8D11-00A0C91BC942}") = "04-08_SanSu", "04-08_SanSu\04-08_SanSu.vcxproj", "{4828FC9B-69CE-474F-8506-69399D6A4B88}"
EndProject
Project("{8BC9CEB8-8B4A-11D0-8D11-00A0C91BC942}") = "04-09_TwoTimer", "04-09_TwoTimer\04-09_TwoTimer.vcxproj", "{FEAD060C-3059-4E9B-AFF1-A025D10B21D6}"
EndProject
Project("{8BC9CEB8-8B4A-11D0-8D11-00A0C91BC942}") = "04-10_RandGrp", "04-10_RandGrp\04-10_RandGrp.vcxproj", "{648943D5-7580-4375-8BBA-EE9BED6343CD}"
EndProject
Project("{8BC9CEB8-8B4A-11D0-8D11-00A0C91BC942}") = "04-11_Callback", "04-11_Callback\04-11_Callback.vcxproj", "{95DB4415-F49F-433C-BF36-6258AB44A0E5}"
EndProject
Project("{8BC9CEB8-8B4A-11D0-8D11-00A0C91BC942}") = "04-12_OnceTimer", "04-12_OnceTimer\04-12_OnceTimer.vcxproj", "{F44E2E27-83A0-4CB8-9DA3-5FD9E91997B1}"
EndProject
Project("{8BC9CEB8-8B4A-11D0-8D11-00A0C91BC942}") = "04-13_TimerText", "04-13_TimerText\04-13_TimerText.vcxproj", "{DF034ACD-1078-4FF3-9D7B-31D4CAD8493D}"
EndProject
Project("{8BC9CEB8-8B4A-11D0-8D11-00A0C91BC942}") = "04-14_TimerText2", "04-14_TimerText2\04-14_TimerText2.vcxproj", "{EB3BD272-22A2-4D3F-9D71-9C70BC06A4AD}"
EndProject
Project("{8BC9CEB8-8B4A-11D0-8D11-00A0C91BC942}") = "04-16_WmCreate", "04-16_WmCreate\04-16_WmCreate.vcxproj", "{5DC9F38F-39B6-4800-A271-F6D0202244E0}"
EndProject
Project("{8BC9CEB8-8B4A-11D0-8D11-00A0C91BC942}") = "04-17_Client", "04-17_Client\04-17_Client.vcxproj", "{F071023B-8443-42AA-BCA0-A29FC0BA9639}"
EndProject
Project("{8BC9CEB8-8B4A-11D0-8D11-00A0C91BC942}") = "05-01_Menu", "05-01_Menu\05-01_Menu.vcxproj", "{AA1490B5-C961-4A99-8809-D1FA3B7AC14E}"
EndProject
Project("{8BC9CEB8-8B4A-11D0-8D11-00A0C91BC942}") = "05-02_StringTable", "05-02_StringTable\05-02_StringTable.vcxproj", "{0DBF7097-87F9-44EE-A603-AD2604BCF243}"
EndProject
Project("{2150E333-8FDC-42A3-9474-1A3956D46DE8}") = "Chapter02", "Chapter02", "{A4496622-DF85-4302-8075-5A414057D5B6}"
EndProject
Project("{2150E333-8FDC-42A3-9474-1A3956D46DE8}") = "Chapter03", "Chapter03", "{FBD1E705-8D63-4B4F-A278-0F22B0DD1C3F}"
EndProject
Project("{2150E333-8FDC-42A3-9474-1A3956D46DE8}") = "Chapter04", "Chapter04", "{8D89FE5C-CCD6-495C-84F4-D2D8D9A8F3B2}"
EndProject
Project("{2150E333-8FDC-42A3-9474-1A3956D46DE8}") = "Chapter05", "Chapter05", "{E6EAB971-914F-4465-9E92-515454C58372}"
EndProject
Project("{8BC9CEB8-8B4A-11D0-8D11-00A0C91BC942}") = "05-03_AwPrj", "05-03_AwPrj\05-03_AwPrj.vcxproj", "{167EFD1F-F90C-4418-B6F5-60010759B073}"
EndProject
Project("{2150E333-8FDC-42A3-9474-1A3956D46DE8}") = "Chapter06", "Chapter06", "{89B7A025-1BEF-4901-AF49-287AAE97C304}"
EndProject
Project("{8BC9CEB8-8B4A-11D0-8D11-00A0C91BC942}") = "06-01_GdiObject", "06-01_GdiObject\06-01_GdiObject.vcxproj", "{B1BD72D9-9924-4B1E-AC7C-8A58ACB2FA10}"
EndProject
Project("{8BC9CEB8-8B4A-11D0-8D11-00A0C91BC942}") = "06-02_OldObject", "06-02_OldObject\06-02_OldObject.vcxproj", "{57C2F052-F3E2-410D-9A2E-4435AC3F6316}"
EndProject
Project("{8BC9CEB8-8B4A-11D0-8D11-00A0C91BC942}") = "06-03_TransObject", "06-03_TransObject\06-03_TransObject.vcxproj", "{AAC7CC57-2C6F-4B8A-B409-21E9D436C755}"
EndProject
Project("{8BC9CEB8-8B4A-11D0-8D11-00A0C91BC942}") = "06-04_RopMode", "06-04_RopMode\06-04_RopMode.vcxproj", "{4E7440B6-F114-4C69-A780-308739CC592E}"
EndProject
Project("{8BC9CEB8-8B4A-11D0-8D11-00A0C91BC942}") = "06-05_RodMode2", "06-05_RodMode2\06-05_RodMode2.vcxproj", "{82B22558-C1B2-4280-9C39-98ACFE0EA552}"
EndProject
Project("{8BC9CEB8-8B4A-11D0-8D11-00A0C91BC942}") = "06-06_Bitmap", "06-06_Bitmap\06-06_Bitmap.vcxproj", "{D4878E6B-D2D1-414C-B6D4-F2548BF866E7}"
EndProject
Project("{8BC9CEB8-8B4A-11D0-8D11-00A0C91BC942}") = "06-07_DrawBitmap", "06-07_DrawBitmap\06-07_DrawBitmap.vcxproj", "{D317F479-62C0-4103-9965-85B1C5D10AF4}"
EndProject
Project("{8BC9CEB8-8B4A-11D0-8D11-00A0C91BC942}") = "06-08_Font", "06-08_Font\06-08_Font.vcxproj", "{52A97C75-2E06-45D2-BB7D-B4F39ACFDF89}"
EndProject
Project("{8BC9CEB8-8B4A-11D0-8D11-00A0C91BC942}") = "06-09_FontIndirect", "06-09_FontIndirect\06-09_FontIndirect.vcxproj", "{C84B7BC3-C0CD-4D31-878B-D47A9AE89626}"
EndProject
Project("{8BC9CEB8-8B4A-11D0-8D11-00A0C91BC942}") = "06-10_BkMode", "06-10_BkMode\06-10_BkMode.vcxproj", "{31E17A32-E439-4F9F-ACFE-5A791444208E}"
EndProject
Project("{8BC9CEB8-8B4A-11D0-8D11-00A0C91BC942}") = "06-11_TextRot", "06-11_TextRot\06-11_TextRot.vcxproj", "{BDFC4B81-BD86-4E07-B2D7-0E645BFA931D}"
EndProject
Project("{2150E333-8FDC-42A3-9474-1A3956D46DE8}") = "Chapter07", "Chapter07", "{B46D0189-3E71-4938-8CC4-F46C4CEA69A5}"
EndProject
Project("{8BC9CEB8-8B4A-11D0-8D11-00A0C91BC942}") = "07-01_Button", "07-01_Button\07-01_Button.vcxproj", "{5671662F-A776-49EE-BCBA-F24EF7BA6836}"
EndProject
Project("{8BC9CEB8-8B4A-11D0-8D11-00A0C91BC942}") = "07-02_Check", "07-02_Check\07-02_Check.vcxproj", "{AF23FDB6-5F63-4458-BB82-23EA975A24EE}"
EndProject
Project("{8BC9CEB8-8B4A-11D0-8D11-00A0C91BC942}") = "07-03_Radio", "07-03_Radio\07-03_Radio.vcxproj", "{AD9D8B0F-40CF-47AB-9801-97A9FEE046A8}"
EndProject
Project("{8BC9CEB8-8B4A-11D0-8D11-00A0C91BC942}") = "07-04_SimplePaint", "07-04_SimplePaint\07-04_SimplePaint.vcxproj", "{ECD66674-8F7C-4762-991E-E5827631D517}"
EndProject
Project("{8BC9CEB8-8B4A-11D0-8D11-00A0C91BC942}") = "07-05_Edit", "07-05_Edit\07-05_Edit.vcxproj", "{9A3E7A36-43DB-4D76-BE90-8529E289AFF1}"
EndProject
Project("{8BC9CEB8-8B4A-11D0-8D11-00A0C91BC942}") = "07-06_EditWnd", "07-06_EditWnd\07-06_EditWnd.vcxproj", "{9749FB1D-BC11-46F0-8C4C-94D035A492EC}"
EndProject
Project("{8BC9CEB8-8B4A-11D0-8D11-00A0C91BC942}") = "07-07_ListBox", "07-07_ListBox\07-07_ListBox.vcxproj", "{D8FB5820-2E9D-4DDC-B3F9-C1EF2C5D373E}"
EndProject
Project("{8BC9CEB8-8B4A-11D0-8D11-00A0C91BC942}") = "07-08_ComboBox", "07-08_ComboBox\07-08_ComboBox.vcxproj", "{3BB54BCA-67AA-4727-99D3-97841CF031B3}"
EndProject
Project("{8BC9CEB8-8B4A-11D0-8D11-00A0C91BC942}") = "07-09_ScrollBar", "07-09_ScrollBar\07-09_ScrollBar.vcxproj", "{BD17DC6B-30E6-4596-8F82-5BAB21AE0843}"
EndProject
Project("{8BC9CEB8-8B4A-11D0-8D11-00A0C91BC942}") = "07-10_Static", "07-10_Static\07-10_Static.vcxproj", "{6E386F4D-975E-4D6D-A8F0-655FF61B455A}"
EndProject
Project("{2150E333-8FDC-42A3-9474-1A3956D46DE8}") = "Chapter08", "Chapter08", "{5CE4C01C-656A-48B9-A6BB-300322FC52DA}"
EndProject
Project("{8BC9CEB8-8B4A-11D0-8D11-00A0C91BC942}") = "08-01_About", "08-01_About\08-01_About.vcxproj", "{A359EA38-A137-4625-B2BC-2E7BD69CEAD9}"
EndProject
Global
	GlobalSection(SolutionConfigurationPlatforms) = preSolution
		Debug|x64 = Debug|x64
		Debug|x86 = Debug|x86
		Release|x64 = Release|x64
		Release|x86 = Release|x86
	EndGlobalSection
	GlobalSection(ProjectConfigurationPlatforms) = postSolution
		{F245DD75-43AF-4965-8268-0864EE29A413}.Debug|x64.ActiveCfg = Debug|x64
		{F245DD75-43AF-4965-8268-0864EE29A413}.Debug|x64.Build.0 = Debug|x64
		{F245DD75-43AF-4965-8268-0864EE29A413}.Debug|x86.ActiveCfg = Debug|Win32
		{F245DD75-43AF-4965-8268-0864EE29A413}.Debug|x86.Build.0 = Debug|Win32
		{F245DD75-43AF-4965-8268-0864EE29A413}.Release|x64.ActiveCfg = Release|x64
		{F245DD75-43AF-4965-8268-0864EE29A413}.Release|x64.Build.0 = Release|x64
		{F245DD75-43AF-4965-8268-0864EE29A413}.Release|x86.ActiveCfg = Release|Win32
		{F245DD75-43AF-4965-8268-0864EE29A413}.Release|x86.Build.0 = Release|Win32
		{7E696A6A-5C73-41E8-842C-257D80ED1CA4}.Debug|x64.ActiveCfg = Debug|x64
		{7E696A6A-5C73-41E8-842C-257D80ED1CA4}.Debug|x64.Build.0 = Debug|x64
		{7E696A6A-5C73-41E8-842C-257D80ED1CA4}.Debug|x86.ActiveCfg = Debug|Win32
		{7E696A6A-5C73-41E8-842C-257D80ED1CA4}.Debug|x86.Build.0 = Debug|Win32
		{7E696A6A-5C73-41E8-842C-257D80ED1CA4}.Release|x64.ActiveCfg = Release|x64
		{7E696A6A-5C73-41E8-842C-257D80ED1CA4}.Release|x64.Build.0 = Release|x64
		{7E696A6A-5C73-41E8-842C-257D80ED1CA4}.Release|x86.ActiveCfg = Release|Win32
		{7E696A6A-5C73-41E8-842C-257D80ED1CA4}.Release|x86.Build.0 = Release|Win32
		{BF38C511-B8AA-4B6F-B376-CF2B4D47DDF9}.Debug|x64.ActiveCfg = Debug|x64
		{BF38C511-B8AA-4B6F-B376-CF2B4D47DDF9}.Debug|x64.Build.0 = Debug|x64
		{BF38C511-B8AA-4B6F-B376-CF2B4D47DDF9}.Debug|x86.ActiveCfg = Debug|Win32
		{BF38C511-B8AA-4B6F-B376-CF2B4D47DDF9}.Debug|x86.Build.0 = Debug|Win32
		{BF38C511-B8AA-4B6F-B376-CF2B4D47DDF9}.Release|x64.ActiveCfg = Release|x64
		{BF38C511-B8AA-4B6F-B376-CF2B4D47DDF9}.Release|x64.Build.0 = Release|x64
		{BF38C511-B8AA-4B6F-B376-CF2B4D47DDF9}.Release|x86.ActiveCfg = Release|Win32
		{BF38C511-B8AA-4B6F-B376-CF2B4D47DDF9}.Release|x86.Build.0 = Release|Win32
		{90555613-3488-4806-A690-58BF855BCF98}.Debug|x64.ActiveCfg = Debug|x64
		{90555613-3488-4806-A690-58BF855BCF98}.Debug|x64.Build.0 = Debug|x64
		{90555613-3488-4806-A690-58BF855BCF98}.Debug|x86.ActiveCfg = Debug|Win32
		{90555613-3488-4806-A690-58BF855BCF98}.Debug|x86.Build.0 = Debug|Win32
		{90555613-3488-4806-A690-58BF855BCF98}.Release|x64.ActiveCfg = Release|x64
		{90555613-3488-4806-A690-58BF855BCF98}.Release|x64.Build.0 = Release|x64
		{90555613-3488-4806-A690-58BF855BCF98}.Release|x86.ActiveCfg = Release|Win32
		{90555613-3488-4806-A690-58BF855BCF98}.Release|x86.Build.0 = Release|Win32
		{8EE82E70-ACCA-4AA6-88A0-772FF9E2F76C}.Debug|x64.ActiveCfg = Debug|x64
		{8EE82E70-ACCA-4AA6-88A0-772FF9E2F76C}.Debug|x64.Build.0 = Debug|x64
		{8EE82E70-ACCA-4AA6-88A0-772FF9E2F76C}.Debug|x86.ActiveCfg = Debug|Win32
		{8EE82E70-ACCA-4AA6-88A0-772FF9E2F76C}.Debug|x86.Build.0 = Debug|Win32
		{8EE82E70-ACCA-4AA6-88A0-772FF9E2F76C}.Release|x64.ActiveCfg = Release|x64
		{8EE82E70-ACCA-4AA6-88A0-772FF9E2F76C}.Release|x64.Build.0 = Release|x64
		{8EE82E70-ACCA-4AA6-88A0-772FF9E2F76C}.Release|x86.ActiveCfg = Release|Win32
		{8EE82E70-ACCA-4AA6-88A0-772FF9E2F76C}.Release|x86.Build.0 = Release|Win32
		{D2FC9391-E8B1-49FD-80EC-8758C9117011}.Debug|x64.ActiveCfg = Debug|x64
		{D2FC9391-E8B1-49FD-80EC-8758C9117011}.Debug|x64.Build.0 = Debug|x64
		{D2FC9391-E8B1-49FD-80EC-8758C9117011}.Debug|x86.ActiveCfg = Debug|Win32
		{D2FC9391-E8B1-49FD-80EC-8758C9117011}.Debug|x86.Build.0 = Debug|Win32
		{D2FC9391-E8B1-49FD-80EC-8758C9117011}.Release|x64.ActiveCfg = Release|x64
		{D2FC9391-E8B1-49FD-80EC-8758C9117011}.Release|x64.Build.0 = Release|x64
		{D2FC9391-E8B1-49FD-80EC-8758C9117011}.Release|x86.ActiveCfg = Release|Win32
		{D2FC9391-E8B1-49FD-80EC-8758C9117011}.Release|x86.Build.0 = Release|Win32
		{81EB486A-C13A-4C16-8161-8FC83FA9BD94}.Debug|x64.ActiveCfg = Debug|x64
		{81EB486A-C13A-4C16-8161-8FC83FA9BD94}.Debug|x64.Build.0 = Debug|x64
		{81EB486A-C13A-4C16-8161-8FC83FA9BD94}.Debug|x86.ActiveCfg = Debug|Win32
		{81EB486A-C13A-4C16-8161-8FC83FA9BD94}.Debug|x86.Build.0 = Debug|Win32
		{81EB486A-C13A-4C16-8161-8FC83FA9BD94}.Release|x64.ActiveCfg = Release|x64
		{81EB486A-C13A-4C16-8161-8FC83FA9BD94}.Release|x64.Build.0 = Release|x64
		{81EB486A-C13A-4C16-8161-8FC83FA9BD94}.Release|x86.ActiveCfg = Release|Win32
		{81EB486A-C13A-4C16-8161-8FC83FA9BD94}.Release|x86.Build.0 = Release|Win32
		{B28D3ED5-1D04-4E19-9F73-DA694CC54B25}.Debug|x64.ActiveCfg = Debug|x64
		{B28D3ED5-1D04-4E19-9F73-DA694CC54B25}.Debug|x64.Build.0 = Debug|x64
		{B28D3ED5-1D04-4E19-9F73-DA694CC54B25}.Debug|x86.ActiveCfg = Debug|Win32
		{B28D3ED5-1D04-4E19-9F73-DA694CC54B25}.Debug|x86.Build.0 = Debug|Win32
		{B28D3ED5-1D04-4E19-9F73-DA694CC54B25}.Release|x64.ActiveCfg = Release|x64
		{B28D3ED5-1D04-4E19-9F73-DA694CC54B25}.Release|x64.Build.0 = Release|x64
		{B28D3ED5-1D04-4E19-9F73-DA694CC54B25}.Release|x86.ActiveCfg = Release|Win32
		{B28D3ED5-1D04-4E19-9F73-DA694CC54B25}.Release|x86.Build.0 = Release|Win32
		{A534A4F7-58AF-4F8C-B5CA-AFD4A59D2080}.Debug|x64.ActiveCfg = Debug|x64
		{A534A4F7-58AF-4F8C-B5CA-AFD4A59D2080}.Debug|x64.Build.0 = Debug|x64
		{A534A4F7-58AF-4F8C-B5CA-AFD4A59D2080}.Debug|x86.ActiveCfg = Debug|Win32
		{A534A4F7-58AF-4F8C-B5CA-AFD4A59D2080}.Debug|x86.Build.0 = Debug|Win32
		{A534A4F7-58AF-4F8C-B5CA-AFD4A59D2080}.Release|x64.ActiveCfg = Release|x64
		{A534A4F7-58AF-4F8C-B5CA-AFD4A59D2080}.Release|x64.Build.0 = Release|x64
		{A534A4F7-58AF-4F8C-B5CA-AFD4A59D2080}.Release|x86.ActiveCfg = Release|Win32
		{A534A4F7-58AF-4F8C-B5CA-AFD4A59D2080}.Release|x86.Build.0 = Release|Win32
		{B56D87FB-BEF3-48C6-A338-F2F0D5522592}.Debug|x64.ActiveCfg = Debug|x64
		{B56D87FB-BEF3-48C6-A338-F2F0D5522592}.Debug|x64.Build.0 = Debug|x64
		{B56D87FB-BEF3-48C6-A338-F2F0D5522592}.Debug|x86.ActiveCfg = Debug|Win32
		{B56D87FB-BEF3-48C6-A338-F2F0D5522592}.Debug|x86.Build.0 = Debug|Win32
		{B56D87FB-BEF3-48C6-A338-F2F0D5522592}.Release|x64.ActiveCfg = Release|x64
		{B56D87FB-BEF3-48C6-A338-F2F0D5522592}.Release|x64.Build.0 = Release|x64
		{B56D87FB-BEF3-48C6-A338-F2F0D5522592}.Release|x86.ActiveCfg = Release|Win32
		{B56D87FB-BEF3-48C6-A338-F2F0D5522592}.Release|x86.Build.0 = Release|Win32
		{39964986-0B53-40BD-9E2F-2F25F9E69D86}.Debug|x64.ActiveCfg = Debug|x64
		{39964986-0B53-40BD-9E2F-2F25F9E69D86}.Debug|x64.Build.0 = Debug|x64
		{39964986-0B53-40BD-9E2F-2F25F9E69D86}.Debug|x86.ActiveCfg = Debug|Win32
		{39964986-0B53-40BD-9E2F-2F25F9E69D86}.Debug|x86.Build.0 = Debug|Win32
		{39964986-0B53-40BD-9E2F-2F25F9E69D86}.Release|x64.ActiveCfg = Release|x64
		{39964986-0B53-40BD-9E2F-2F25F9E69D86}.Release|x64.Build.0 = Release|x64
		{39964986-0B53-40BD-9E2F-2F25F9E69D86}.Release|x86.ActiveCfg = Release|Win32
		{39964986-0B53-40BD-9E2F-2F25F9E69D86}.Release|x86.Build.0 = Release|Win32
		{C77BD0DD-DE91-4A44-9B3C-A69D63455EE3}.Debug|x64.ActiveCfg = Debug|x64
		{C77BD0DD-DE91-4A44-9B3C-A69D63455EE3}.Debug|x64.Build.0 = Debug|x64
		{C77BD0DD-DE91-4A44-9B3C-A69D63455EE3}.Debug|x86.ActiveCfg = Debug|Win32
		{C77BD0DD-DE91-4A44-9B3C-A69D63455EE3}.Debug|x86.Build.0 = Debug|Win32
		{C77BD0DD-DE91-4A44-9B3C-A69D63455EE3}.Release|x64.ActiveCfg = Release|x64
		{C77BD0DD-DE91-4A44-9B3C-A69D63455EE3}.Release|x64.Build.0 = Release|x64
		{C77BD0DD-DE91-4A44-9B3C-A69D63455EE3}.Release|x86.ActiveCfg = Release|Win32
		{C77BD0DD-DE91-4A44-9B3C-A69D63455EE3}.Release|x86.Build.0 = Release|Win32
		{4828FC9B-69CE-474F-8506-69399D6A4B88}.Debug|x64.ActiveCfg = Debug|x64
		{4828FC9B-69CE-474F-8506-69399D6A4B88}.Debug|x64.Build.0 = Debug|x64
		{4828FC9B-69CE-474F-8506-69399D6A4B88}.Debug|x86.ActiveCfg = Debug|Win32
		{4828FC9B-69CE-474F-8506-69399D6A4B88}.Debug|x86.Build.0 = Debug|Win32
		{4828FC9B-69CE-474F-8506-69399D6A4B88}.Release|x64.ActiveCfg = Release|x64
		{4828FC9B-69CE-474F-8506-69399D6A4B88}.Release|x64.Build.0 = Release|x64
		{4828FC9B-69CE-474F-8506-69399D6A4B88}.Release|x86.ActiveCfg = Release|Win32
		{4828FC9B-69CE-474F-8506-69399D6A4B88}.Release|x86.Build.0 = Release|Win32
		{FEAD060C-3059-4E9B-AFF1-A025D10B21D6}.Debug|x64.ActiveCfg = Debug|x64
		{FEAD060C-3059-4E9B-AFF1-A025D10B21D6}.Debug|x64.Build.0 = Debug|x64
		{FEAD060C-3059-4E9B-AFF1-A025D10B21D6}.Debug|x86.ActiveCfg = Debug|Win32
		{FEAD060C-3059-4E9B-AFF1-A025D10B21D6}.Debug|x86.Build.0 = Debug|Win32
		{FEAD060C-3059-4E9B-AFF1-A025D10B21D6}.Release|x64.ActiveCfg = Release|x64
		{FEAD060C-3059-4E9B-AFF1-A025D10B21D6}.Release|x64.Build.0 = Release|x64
		{FEAD060C-3059-4E9B-AFF1-A025D10B21D6}.Release|x86.ActiveCfg = Release|Win32
		{FEAD060C-3059-4E9B-AFF1-A025D10B21D6}.Release|x86.Build.0 = Release|Win32
		{648943D5-7580-4375-8BBA-EE9BED6343CD}.Debug|x64.ActiveCfg = Debug|x64
		{648943D5-7580-4375-8BBA-EE9BED6343CD}.Debug|x64.Build.0 = Debug|x64
		{648943D5-7580-4375-8BBA-EE9BED6343CD}.Debug|x86.ActiveCfg = Debug|Win32
		{648943D5-7580-4375-8BBA-EE9BED6343CD}.Debug|x86.Build.0 = Debug|Win32
		{648943D5-7580-4375-8BBA-EE9BED6343CD}.Release|x64.ActiveCfg = Release|x64
		{648943D5-7580-4375-8BBA-EE9BED6343CD}.Release|x64.Build.0 = Release|x64
		{648943D5-7580-4375-8BBA-EE9BED6343CD}.Release|x86.ActiveCfg = Release|Win32
		{648943D5-7580-4375-8BBA-EE9BED6343CD}.Release|x86.Build.0 = Release|Win32
		{95DB4415-F49F-433C-BF36-6258AB44A0E5}.Debug|x64.ActiveCfg = Debug|x64
		{95DB4415-F49F-433C-BF36-6258AB44A0E5}.Debug|x64.Build.0 = Debug|x64
		{95DB4415-F49F-433C-BF36-6258AB44A0E5}.Debug|x86.ActiveCfg = Debug|Win32
		{95DB4415-F49F-433C-BF36-6258AB44A0E5}.Debug|x86.Build.0 = Debug|Win32
		{95DB4415-F49F-433C-BF36-6258AB44A0E5}.Release|x64.ActiveCfg = Release|x64
		{95DB4415-F49F-433C-BF36-6258AB44A0E5}.Release|x64.Build.0 = Release|x64
		{95DB4415-F49F-433C-BF36-6258AB44A0E5}.Release|x86.ActiveCfg = Release|Win32
		{95DB4415-F49F-433C-BF36-6258AB44A0E5}.Release|x86.Build.0 = Release|Win32
		{F44E2E27-83A0-4CB8-9DA3-5FD9E91997B1}.Debug|x64.ActiveCfg = Debug|x64
		{F44E2E27-83A0-4CB8-9DA3-5FD9E91997B1}.Debug|x64.Build.0 = Debug|x64
		{F44E2E27-83A0-4CB8-9DA3-5FD9E91997B1}.Debug|x86.ActiveCfg = Debug|Win32
		{F44E2E27-83A0-4CB8-9DA3-5FD9E91997B1}.Debug|x86.Build.0 = Debug|Win32
		{F44E2E27-83A0-4CB8-9DA3-5FD9E91997B1}.Release|x64.ActiveCfg = Release|x64
		{F44E2E27-83A0-4CB8-9DA3-5FD9E91997B1}.Release|x64.Build.0 = Release|x64
		{F44E2E27-83A0-4CB8-9DA3-5FD9E91997B1}.Release|x86.ActiveCfg = Release|Win32
		{F44E2E27-83A0-4CB8-9DA3-5FD9E91997B1}.Release|x86.Build.0 = Release|Win32
		{DF034ACD-1078-4FF3-9D7B-31D4CAD8493D}.Debug|x64.ActiveCfg = Debug|x64
		{DF034ACD-1078-4FF3-9D7B-31D4CAD8493D}.Debug|x64.Build.0 = Debug|x64
		{DF034ACD-1078-4FF3-9D7B-31D4CAD8493D}.Debug|x86.ActiveCfg = Debug|Win32
		{DF034ACD-1078-4FF3-9D7B-31D4CAD8493D}.Debug|x86.Build.0 = Debug|Win32
		{DF034ACD-1078-4FF3-9D7B-31D4CAD8493D}.Release|x64.ActiveCfg = Release|x64
		{DF034ACD-1078-4FF3-9D7B-31D4CAD8493D}.Release|x64.Build.0 = Release|x64
		{DF034ACD-1078-4FF3-9D7B-31D4CAD8493D}.Release|x86.ActiveCfg = Release|Win32
		{DF034ACD-1078-4FF3-9D7B-31D4CAD8493D}.Release|x86.Build.0 = Release|Win32
		{EB3BD272-22A2-4D3F-9D71-9C70BC06A4AD}.Debug|x64.ActiveCfg = Debug|x64
		{EB3BD272-22A2-4D3F-9D71-9C70BC06A4AD}.Debug|x64.Build.0 = Debug|x64
		{EB3BD272-22A2-4D3F-9D71-9C70BC06A4AD}.Debug|x86.ActiveCfg = Debug|Win32
		{EB3BD272-22A2-4D3F-9D71-9C70BC06A4AD}.Debug|x86.Build.0 = Debug|Win32
		{EB3BD272-22A2-4D3F-9D71-9C70BC06A4AD}.Release|x64.ActiveCfg = Release|x64
		{EB3BD272-22A2-4D3F-9D71-9C70BC06A4AD}.Release|x64.Build.0 = Release|x64
		{EB3BD272-22A2-4D3F-9D71-9C70BC06A4AD}.Release|x86.ActiveCfg = Release|Win32
		{EB3BD272-22A2-4D3F-9D71-9C70BC06A4AD}.Release|x86.Build.0 = Release|Win32
		{5DC9F38F-39B6-4800-A271-F6D0202244E0}.Debug|x64.ActiveCfg = Debug|x64
		{5DC9F38F-39B6-4800-A271-F6D0202244E0}.Debug|x64.Build.0 = Debug|x64
		{5DC9F38F-39B6-4800-A271-F6D0202244E0}.Debug|x86.ActiveCfg = Debug|Win32
		{5DC9F38F-39B6-4800-A271-F6D0202244E0}.Debug|x86.Build.0 = Debug|Win32
		{5DC9F38F-39B6-4800-A271-F6D0202244E0}.Release|x64.ActiveCfg = Release|x64
		{5DC9F38F-39B6-4800-A271-F6D0202244E0}.Release|x64.Build.0 = Release|x64
		{5DC9F38F-39B6-4800-A271-F6D0202244E0}.Release|x86.ActiveCfg = Release|Win32
		{5DC9F38F-39B6-4800-A271-F6D0202244E0}.Release|x86.Build.0 = Release|Win32
		{F071023B-8443-42AA-BCA0-A29FC0BA9639}.Debug|x64.ActiveCfg = Debug|x64
		{F071023B-8443-42AA-BCA0-A29FC0BA9639}.Debug|x64.Build.0 = Debug|x64
		{F071023B-8443-42AA-BCA0-A29FC0BA9639}.Debug|x86.ActiveCfg = Debug|Win32
		{F071023B-8443-42AA-BCA0-A29FC0BA9639}.Debug|x86.Build.0 = Debug|Win32
		{F071023B-8443-42AA-BCA0-A29FC0BA9639}.Release|x64.ActiveCfg = Release|x64
		{F071023B-8443-42AA-BCA0-A29FC0BA9639}.Release|x64.Build.0 = Release|x64
		{F071023B-8443-42AA-BCA0-A29FC0BA9639}.Release|x86.ActiveCfg = Release|Win32
		{F071023B-8443-42AA-BCA0-A29FC0BA9639}.Release|x86.Build.0 = Release|Win32
		{AA1490B5-C961-4A99-8809-D1FA3B7AC14E}.Debug|x64.ActiveCfg = Debug|x64
		{AA1490B5-C961-4A99-8809-D1FA3B7AC14E}.Debug|x64.Build.0 = Debug|x64
		{AA1490B5-C961-4A99-8809-D1FA3B7AC14E}.Debug|x86.ActiveCfg = Debug|Win32
		{AA1490B5-C961-4A99-8809-D1FA3B7AC14E}.Debug|x86.Build.0 = Debug|Win32
		{AA1490B5-C961-4A99-8809-D1FA3B7AC14E}.Release|x64.ActiveCfg = Release|x64
		{AA1490B5-C961-4A99-8809-D1FA3B7AC14E}.Release|x64.Build.0 = Release|x64
		{AA1490B5-C961-4A99-8809-D1FA3B7AC14E}.Release|x86.ActiveCfg = Release|Win32
		{AA1490B5-C961-4A99-8809-D1FA3B7AC14E}.Release|x86.Build.0 = Release|Win32
		{0DBF7097-87F9-44EE-A603-AD2604BCF243}.Debug|x64.ActiveCfg = Debug|x64
		{0DBF7097-87F9-44EE-A603-AD2604BCF243}.Debug|x64.Build.0 = Debug|x64
		{0DBF7097-87F9-44EE-A603-AD2604BCF243}.Debug|x86.ActiveCfg = Debug|Win32
		{0DBF7097-87F9-44EE-A603-AD2604BCF243}.Debug|x86.Build.0 = Debug|Win32
		{0DBF7097-87F9-44EE-A603-AD2604BCF243}.Release|x64.ActiveCfg = Release|x64
		{0DBF7097-87F9-44EE-A603-AD2604BCF243}.Release|x64.Build.0 = Release|x64
		{0DBF7097-87F9-44EE-A603-AD2604BCF243}.Release|x86.ActiveCfg = Release|Win32
		{0DBF7097-87F9-44EE-A603-AD2604BCF243}.Release|x86.Build.0 = Release|Win32
		{167EFD1F-F90C-4418-B6F5-60010759B073}.Debug|x64.ActiveCfg = Debug|x64
		{167EFD1F-F90C-4418-B6F5-60010759B073}.Debug|x64.Build.0 = Debug|x64
		{167EFD1F-F90C-4418-B6F5-60010759B073}.Debug|x86.ActiveCfg = Debug|Win32
		{167EFD1F-F90C-4418-B6F5-60010759B073}.Debug|x86.Build.0 = Debug|Win32
		{167EFD1F-F90C-4418-B6F5-60010759B073}.Release|x64.ActiveCfg = Release|x64
		{167EFD1F-F90C-4418-B6F5-60010759B073}.Release|x64.Build.0 = Release|x64
		{167EFD1F-F90C-4418-B6F5-60010759B073}.Release|x86.ActiveCfg = Release|Win32
		{167EFD1F-F90C-4418-B6F5-60010759B073}.Release|x86.Build.0 = Release|Win32
		{B1BD72D9-9924-4B1E-AC7C-8A58ACB2FA10}.Debug|x64.ActiveCfg = Debug|x64
		{B1BD72D9-9924-4B1E-AC7C-8A58ACB2FA10}.Debug|x64.Build.0 = Debug|x64
		{B1BD72D9-9924-4B1E-AC7C-8A58ACB2FA10}.Debug|x86.ActiveCfg = Debug|Win32
		{B1BD72D9-9924-4B1E-AC7C-8A58ACB2FA10}.Debug|x86.Build.0 = Debug|Win32
		{B1BD72D9-9924-4B1E-AC7C-8A58ACB2FA10}.Release|x64.ActiveCfg = Release|x64
		{B1BD72D9-9924-4B1E-AC7C-8A58ACB2FA10}.Release|x64.Build.0 = Release|x64
		{B1BD72D9-9924-4B1E-AC7C-8A58ACB2FA10}.Release|x86.ActiveCfg = Release|Win32
		{B1BD72D9-9924-4B1E-AC7C-8A58ACB2FA10}.Release|x86.Build.0 = Release|Win32
		{57C2F052-F3E2-410D-9A2E-4435AC3F6316}.Debug|x64.ActiveCfg = Debug|x64
		{57C2F052-F3E2-410D-9A2E-4435AC3F6316}.Debug|x64.Build.0 = Debug|x64
		{57C2F052-F3E2-410D-9A2E-4435AC3F6316}.Debug|x86.ActiveCfg = Debug|Win32
		{57C2F052-F3E2-410D-9A2E-4435AC3F6316}.Debug|x86.Build.0 = Debug|Win32
		{57C2F052-F3E2-410D-9A2E-4435AC3F6316}.Release|x64.ActiveCfg = Release|x64
		{57C2F052-F3E2-410D-9A2E-4435AC3F6316}.Release|x64.Build.0 = Release|x64
		{57C2F052-F3E2-410D-9A2E-4435AC3F6316}.Release|x86.ActiveCfg = Release|Win32
		{57C2F052-F3E2-410D-9A2E-4435AC3F6316}.Release|x86.Build.0 = Release|Win32
		{AAC7CC57-2C6F-4B8A-B409-21E9D436C755}.Debug|x64.ActiveCfg = Debug|x64
		{AAC7CC57-2C6F-4B8A-B409-21E9D436C755}.Debug|x64.Build.0 = Debug|x64
		{AAC7CC57-2C6F-4B8A-B409-21E9D436C755}.Debug|x86.ActiveCfg = Debug|Win32
		{AAC7CC57-2C6F-4B8A-B409-21E9D436C755}.Debug|x86.Build.0 = Debug|Win32
		{AAC7CC57-2C6F-4B8A-B409-21E9D436C755}.Release|x64.ActiveCfg = Release|x64
		{AAC7CC57-2C6F-4B8A-B409-21E9D436C755}.Release|x64.Build.0 = Release|x64
		{AAC7CC57-2C6F-4B8A-B409-21E9D436C755}.Release|x86.ActiveCfg = Release|Win32
		{AAC7CC57-2C6F-4B8A-B409-21E9D436C755}.Release|x86.Build.0 = Release|Win32
		{4E7440B6-F114-4C69-A780-308739CC592E}.Debug|x64.ActiveCfg = Debug|x64
		{4E7440B6-F114-4C69-A780-308739CC592E}.Debug|x64.Build.0 = Debug|x64
		{4E7440B6-F114-4C69-A780-308739CC592E}.Debug|x86.ActiveCfg = Debug|Win32
		{4E7440B6-F114-4C69-A780-308739CC592E}.Debug|x86.Build.0 = Debug|Win32
		{4E7440B6-F114-4C69-A780-308739CC592E}.Release|x64.ActiveCfg = Release|x64
		{4E7440B6-F114-4C69-A780-308739CC592E}.Release|x64.Build.0 = Release|x64
		{4E7440B6-F114-4C69-A780-308739CC592E}.Release|x86.ActiveCfg = Release|Win32
		{4E7440B6-F114-4C69-A780-308739CC592E}.Release|x86.Build.0 = Release|Win32
		{82B22558-C1B2-4280-9C39-98ACFE0EA552}.Debug|x64.ActiveCfg = Debug|x64
		{82B22558-C1B2-4280-9C39-98ACFE0EA552}.Debug|x64.Build.0 = Debug|x64
		{82B22558-C1B2-4280-9C39-98ACFE0EA552}.Debug|x86.ActiveCfg = Debug|Win32
		{82B22558-C1B2-4280-9C39-98ACFE0EA552}.Debug|x86.Build.0 = Debug|Win32
		{82B22558-C1B2-4280-9C39-98ACFE0EA552}.Release|x64.ActiveCfg = Release|x64
		{82B22558-C1B2-4280-9C39-98ACFE0EA552}.Release|x64.Build.0 = Release|x64
		{82B22558-C1B2-4280-9C39-98ACFE0EA552}.Release|x86.ActiveCfg = Release|Win32
		{82B22558-C1B2-4280-9C39-98ACFE0EA552}.Release|x86.Build.0 = Release|Win32
		{D4878E6B-D2D1-414C-B6D4-F2548BF866E7}.Debug|x64.ActiveCfg = Debug|x64
		{D4878E6B-D2D1-414C-B6D4-F2548BF866E7}.Debug|x64.Build.0 = Debug|x64
		{D4878E6B-D2D1-414C-B6D4-F2548BF866E7}.Debug|x86.ActiveCfg = Debug|Win32
		{D4878E6B-D2D1-414C-B6D4-F2548BF866E7}.Debug|x86.Build.0 = Debug|Win32
		{D4878E6B-D2D1-414C-B6D4-F2548BF866E7}.Release|x64.ActiveCfg = Release|x64
		{D4878E6B-D2D1-414C-B6D4-F2548BF866E7}.Release|x64.Build.0 = Release|x64
		{D4878E6B-D2D1-414C-B6D4-F2548BF866E7}.Release|x86.ActiveCfg = Release|Win32
		{D4878E6B-D2D1-414C-B6D4-F2548BF866E7}.Release|x86.Build.0 = Release|Win32
		{D317F479-62C0-4103-9965-85B1C5D10AF4}.Debug|x64.ActiveCfg = Debug|x64
		{D317F479-62C0-4103-9965-85B1C5D10AF4}.Debug|x64.Build.0 = Debug|x64
		{D317F479-62C0-4103-9965-85B1C5D10AF4}.Debug|x86.ActiveCfg = Debug|Win32
		{D317F479-62C0-4103-9965-85B1C5D10AF4}.Debug|x86.Build.0 = Debug|Win32
		{D317F479-62C0-4103-9965-85B1C5D10AF4}.Release|x64.ActiveCfg = Release|x64
		{D317F479-62C0-4103-9965-85B1C5D10AF4}.Release|x64.Build.0 = Release|x64
		{D317F479-62C0-4103-9965-85B1C5D10AF4}.Release|x86.ActiveCfg = Release|Win32
		{D317F479-62C0-4103-9965-85B1C5D10AF4}.Release|x86.Build.0 = Release|Win32
		{52A97C75-2E06-45D2-BB7D-B4F39ACFDF89}.Debug|x64.ActiveCfg = Debug|x64
		{52A97C75-2E06-45D2-BB7D-B4F39ACFDF89}.Debug|x64.Build.0 = Debug|x64
		{52A97C75-2E06-45D2-BB7D-B4F39ACFDF89}.Debug|x86.ActiveCfg = Debug|Win32
		{52A97C75-2E06-45D2-BB7D-B4F39ACFDF89}.Debug|x86.Build.0 = Debug|Win32
		{52A97C75-2E06-45D2-BB7D-B4F39ACFDF89}.Release|x64.ActiveCfg = Release|x64
		{52A97C75-2E06-45D2-BB7D-B4F39ACFDF89}.Release|x64.Build.0 = Release|x64
		{52A97C75-2E06-45D2-BB7D-B4F39ACFDF89}.Release|x86.ActiveCfg = Release|Win32
		{52A97C75-2E06-45D2-BB7D-B4F39ACFDF89}.Release|x86.Build.0 = Release|Win32
		{C84B7BC3-C0CD-4D31-878B-D47A9AE89626}.Debug|x64.ActiveCfg = Debug|x64
		{C84B7BC3-C0CD-4D31-878B-D47A9AE89626}.Debug|x64.Build.0 = Debug|x64
		{C84B7BC3-C0CD-4D31-878B-D47A9AE89626}.Debug|x86.ActiveCfg = Debug|Win32
		{C84B7BC3-C0CD-4D31-878B-D47A9AE89626}.Debug|x86.Build.0 = Debug|Win32
		{C84B7BC3-C0CD-4D31-878B-D47A9AE89626}.Release|x64.ActiveCfg = Release|x64
		{C84B7BC3-C0CD-4D31-878B-D47A9AE89626}.Release|x64.Build.0 = Release|x64
		{C84B7BC3-C0CD-4D31-878B-D47A9AE89626}.Release|x86.ActiveCfg = Release|Win32
		{C84B7BC3-C0CD-4D31-878B-D47A9AE89626}.Release|x86.Build.0 = Release|Win32
		{31E17A32-E439-4F9F-ACFE-5A791444208E}.Debug|x64.ActiveCfg = Debug|x64
		{31E17A32-E439-4F9F-ACFE-5A791444208E}.Debug|x64.Build.0 = Debug|x64
		{31E17A32-E439-4F9F-ACFE-5A791444208E}.Debug|x86.ActiveCfg = Debug|Win32
		{31E17A32-E439-4F9F-ACFE-5A791444208E}.Debug|x86.Build.0 = Debug|Win32
		{31E17A32-E439-4F9F-ACFE-5A791444208E}.Release|x64.ActiveCfg = Release|x64
		{31E17A32-E439-4F9F-ACFE-5A791444208E}.Release|x64.Build.0 = Release|x64
		{31E17A32-E439-4F9F-ACFE-5A791444208E}.Release|x86.ActiveCfg = Release|Win32
		{31E17A32-E439-4F9F-ACFE-5A791444208E}.Release|x86.Build.0 = Release|Win32
		{BDFC4B81-BD86-4E07-B2D7-0E645BFA931D}.Debug|x64.ActiveCfg = Debug|x64
		{BDFC4B81-BD86-4E07-B2D7-0E645BFA931D}.Debug|x64.Build.0 = Debug|x64
		{BDFC4B81-BD86-4E07-B2D7-0E645BFA931D}.Debug|x86.ActiveCfg = Debug|Win32
		{BDFC4B81-BD86-4E07-B2D7-0E645BFA931D}.Debug|x86.Build.0 = Debug|Win32
		{BDFC4B81-BD86-4E07-B2D7-0E645BFA931D}.Release|x64.ActiveCfg = Release|x64
		{BDFC4B81-BD86-4E07-B2D7-0E645BFA931D}.Release|x64.Build.0 = Release|x64
		{BDFC4B81-BD86-4E07-B2D7-0E645BFA931D}.Release|x86.ActiveCfg = Release|Win32
		{BDFC4B81-BD86-4E07-B2D7-0E645BFA931D}.Release|x86.Build.0 = Release|Win32
		{5671662F-A776-49EE-BCBA-F24EF7BA6836}.Debug|x64.ActiveCfg = Debug|x64
		{5671662F-A776-49EE-BCBA-F24EF7BA6836}.Debug|x64.Build.0 = Debug|x64
		{5671662F-A776-49EE-BCBA-F24EF7BA6836}.Debug|x86.ActiveCfg = Debug|Win32
		{5671662F-A776-49EE-BCBA-F24EF7BA6836}.Debug|x86.Build.0 = Debug|Win32
		{5671662F-A776-49EE-BCBA-F24EF7BA6836}.Release|x64.ActiveCfg = Release|x64
		{5671662F-A776-49EE-BCBA-F24EF7BA6836}.Release|x64.Build.0 = Release|x64
		{5671662F-A776-49EE-BCBA-F24EF7BA6836}.Release|x86.ActiveCfg = Release|Win32
		{5671662F-A776-49EE-BCBA-F24EF7BA6836}.Release|x86.Build.0 = Release|Win32
		{AF23FDB6-5F63-4458-BB82-23EA975A24EE}.Debug|x64.ActiveCfg = Debug|x64
		{AF23FDB6-5F63-4458-BB82-23EA975A24EE}.Debug|x64.Build.0 = Debug|x64
		{AF23FDB6-5F63-4458-BB82-23EA975A24EE}.Debug|x86.ActiveCfg = Debug|Win32
		{AF23FDB6-5F63-4458-BB82-23EA975A24EE}.Debug|x86.Build.0 = Debug|Win32
		{AF23FDB6-5F63-4458-BB82-23EA975A24EE}.Release|x64.ActiveCfg = Release|x64
		{AF23FDB6-5F63-4458-BB82-23EA975A24EE}.Release|x64.Build.0 = Release|x64
		{AF23FDB6-5F63-4458-BB82-23EA975A24EE}.Release|x86.ActiveCfg = Release|Win32
		{AF23FDB6-5F63-4458-BB82-23EA975A24EE}.Release|x86.Build.0 = Release|Win32
		{AD9D8B0F-40CF-47AB-9801-97A9FEE046A8}.Debug|x64.ActiveCfg = Debug|x64
		{AD9D8B0F-40CF-47AB-9801-97A9FEE046A8}.Debug|x64.Build.0 = Debug|x64
		{AD9D8B0F-40CF-47AB-9801-97A9FEE046A8}.Debug|x86.ActiveCfg = Debug|Win32
		{AD9D8B0F-40CF-47AB-9801-97A9FEE046A8}.Debug|x86.Build.0 = Debug|Win32
		{AD9D8B0F-40CF-47AB-9801-97A9FEE046A8}.Release|x64.ActiveCfg = Release|x64
		{AD9D8B0F-40CF-47AB-9801-97A9FEE046A8}.Release|x64.Build.0 = Release|x64
		{AD9D8B0F-40CF-47AB-9801-97A9FEE046A8}.Release|x86.ActiveCfg = Release|Win32
		{AD9D8B0F-40CF-47AB-9801-97A9FEE046A8}.Release|x86.Build.0 = Release|Win32
		{ECD66674-8F7C-4762-991E-E5827631D517}.Debug|x64.ActiveCfg = Debug|x64
		{ECD66674-8F7C-4762-991E-E5827631D517}.Debug|x64.Build.0 = Debug|x64
		{ECD66674-8F7C-4762-991E-E5827631D517}.Debug|x86.ActiveCfg = Debug|Win32
		{ECD66674-8F7C-4762-991E-E5827631D517}.Debug|x86.Build.0 = Debug|Win32
		{ECD66674-8F7C-4762-991E-E5827631D517}.Release|x64.ActiveCfg = Release|x64
		{ECD66674-8F7C-4762-991E-E5827631D517}.Release|x64.Build.0 = Release|x64
		{ECD66674-8F7C-4762-991E-E5827631D517}.Release|x86.ActiveCfg = Release|Win32
		{ECD66674-8F7C-4762-991E-E5827631D517}.Release|x86.Build.0 = Release|Win32
		{9A3E7A36-43DB-4D76-BE90-8529E289AFF1}.Debug|x64.ActiveCfg = Debug|x64
		{9A3E7A36-43DB-4D76-BE90-8529E289AFF1}.Debug|x64.Build.0 = Debug|x64
		{9A3E7A36-43DB-4D76-BE90-8529E289AFF1}.Debug|x86.ActiveCfg = Debug|Win32
		{9A3E7A36-43DB-4D76-BE90-8529E289AFF1}.Debug|x86.Build.0 = Debug|Win32
		{9A3E7A36-43DB-4D76-BE90-8529E289AFF1}.Release|x64.ActiveCfg = Release|x64
		{9A3E7A36-43DB-4D76-BE90-8529E289AFF1}.Release|x64.Build.0 = Release|x64
		{9A3E7A36-43DB-4D76-BE90-8529E289AFF1}.Release|x86.ActiveCfg = Release|Win32
		{9A3E7A36-43DB-4D76-BE90-8529E289AFF1}.Release|x86.Build.0 = Release|Win32
		{9749FB1D-BC11-46F0-8C4C-94D035A492EC}.Debug|x64.ActiveCfg = Debug|x64
		{9749FB1D-BC11-46F0-8C4C-94D035A492EC}.Debug|x64.Build.0 = Debug|x64
		{9749FB1D-BC11-46F0-8C4C-94D035A492EC}.Debug|x86.ActiveCfg = Debug|Win32
		{9749FB1D-BC11-46F0-8C4C-94D035A492EC}.Debug|x86.Build.0 = Debug|Win32
		{9749FB1D-BC11-46F0-8C4C-94D035A492EC}.Release|x64.ActiveCfg = Release|x64
		{9749FB1D-BC11-46F0-8C4C-94D035A492EC}.Release|x64.Build.0 = Release|x64
		{9749FB1D-BC11-46F0-8C4C-94D035A492EC}.Release|x86.ActiveCfg = Release|Win32
		{9749FB1D-BC11-46F0-8C4C-94D035A492EC}.Release|x86.Build.0 = Release|Win32
		{D8FB5820-2E9D-4DDC-B3F9-C1EF2C5D373E}.Debug|x64.ActiveCfg = Debug|x64
		{D8FB5820-2E9D-4DDC-B3F9-C1EF2C5D373E}.Debug|x64.Build.0 = Debug|x64
		{D8FB5820-2E9D-4DDC-B3F9-C1EF2C5D373E}.Debug|x86.ActiveCfg = Debug|Win32
		{D8FB5820-2E9D-4DDC-B3F9-C1EF2C5D373E}.Debug|x86.Build.0 = Debug|Win32
		{D8FB5820-2E9D-4DDC-B3F9-C1EF2C5D373E}.Release|x64.ActiveCfg = Release|x64
		{D8FB5820-2E9D-4DDC-B3F9-C1EF2C5D373E}.Release|x64.Build.0 = Release|x64
		{D8FB5820-2E9D-4DDC-B3F9-C1EF2C5D373E}.Release|x86.ActiveCfg = Release|Win32
		{D8FB5820-2E9D-4DDC-B3F9-C1EF2C5D373E}.Release|x86.Build.0 = Release|Win32
		{3BB54BCA-67AA-4727-99D3-97841CF031B3}.Debug|x64.ActiveCfg = Debug|x64
		{3BB54BCA-67AA-4727-99D3-97841CF031B3}.Debug|x64.Build.0 = Debug|x64
		{3BB54BCA-67AA-4727-99D3-97841CF031B3}.Debug|x86.ActiveCfg = Debug|Win32
		{3BB54BCA-67AA-4727-99D3-97841CF031B3}.Debug|x86.Build.0 = Debug|Win32
		{3BB54BCA-67AA-4727-99D3-97841CF031B3}.Release|x64.ActiveCfg = Release|x64
		{3BB54BCA-67AA-4727-99D3-97841CF031B3}.Release|x64.Build.0 = Release|x64
		{3BB54BCA-67AA-4727-99D3-97841CF031B3}.Release|x86.ActiveCfg = Release|Win32
		{3BB54BCA-67AA-4727-99D3-97841CF031B3}.Release|x86.Build.0 = Release|Win32
		{BD17DC6B-30E6-4596-8F82-5BAB21AE0843}.Debug|x64.ActiveCfg = Debug|x64
		{BD17DC6B-30E6-4596-8F82-5BAB21AE0843}.Debug|x64.Build.0 = Debug|x64
		{BD17DC6B-30E6-4596-8F82-5BAB21AE0843}.Debug|x86.ActiveCfg = Debug|Win32
		{BD17DC6B-30E6-4596-8F82-5BAB21AE0843}.Debug|x86.Build.0 = Debug|Win32
		{BD17DC6B-30E6-4596-8F82-5BAB21AE0843}.Release|x64.ActiveCfg = Release|x64
		{BD17DC6B-30E6-4596-8F82-5BAB21AE0843}.Release|x64.Build.0 = Release|x64
		{BD17DC6B-30E6-4596-8F82-5BAB21AE0843}.Release|x86.ActiveCfg = Release|Win32
		{BD17DC6B-30E6-4596-8F82-5BAB21AE0843}.Release|x86.Build.0 = Release|Win32
		{6E386F4D-975E-4D6D-A8F0-655FF61B455A}.Debug|x64.ActiveCfg = Debug|x64
		{6E386F4D-975E-4D6D-A8F0-655FF61B455A}.Debug|x64.Build.0 = Debug|x64
		{6E386F4D-975E-4D6D-A8F0-655FF61B455A}.Debug|x86.ActiveCfg = Debug|Win32
		{6E386F4D-975E-4D6D-A8F0-655FF61B455A}.Debug|x86.Build.0 = Debug|Win32
		{6E386F4D-975E-4D6D-A8F0-655FF61B455A}.Release|x64.ActiveCfg = Release|x64
		{6E386F4D-975E-4D6D-A8F0-655FF61B455A}.Release|x64.Build.0 = Release|x64
		{6E386F4D-975E-4D6D-A8F0-655FF61B455A}.Release|x86.ActiveCfg = Release|Win32
		{6E386F4D-975E-4D6D-A8F0-655FF61B455A}.Release|x86.Build.0 = Release|Win32
		{A359EA38-A137-4625-B2BC-2E7BD69CEAD9}.Debug|x64.ActiveCfg = Debug|x64
		{A359EA38-A137-4625-B2BC-2E7BD69CEAD9}.Debug|x64.Build.0 = Debug|x64
		{A359EA38-A137-4625-B2BC-2E7BD69CEAD9}.Debug|x86.ActiveCfg = Debug|Win32
		{A359EA38-A137-4625-B2BC-2E7BD69CEAD9}.Debug|x86.Build.0 = Debug|Win32
		{A359EA38-A137-4625-B2BC-2E7BD69CEAD9}.Release|x64.ActiveCfg = Release|x64
		{A359EA38-A137-4625-B2BC-2E7BD69CEAD9}.Release|x64.Build.0 = Release|x64
		{A359EA38-A137-4625-B2BC-2E7BD69CEAD9}.Release|x86.ActiveCfg = Release|Win32
		{A359EA38-A137-4625-B2BC-2E7BD69CEAD9}.Release|x86.Build.0 = Release|Win32
	EndGlobalSection
	GlobalSection(SolutionProperties) = preSolution
		HideSolutionNode = FALSE
	EndGlobalSection
	GlobalSection(NestedProjects) = preSolution
		{F245DD75-43AF-4965-8268-0864EE29A413} = {A4496622-DF85-4302-8075-5A414057D5B6}
		{7E696A6A-5C73-41E8-842C-257D80ED1CA4} = {FBD1E705-8D63-4B4F-A278-0F22B0DD1C3F}
		{BF38C511-B8AA-4B6F-B376-CF2B4D47DDF9} = {FBD1E705-8D63-4B4F-A278-0F22B0DD1C3F}
		{90555613-3488-4806-A690-58BF855BCF98} = {FBD1E705-8D63-4B4F-A278-0F22B0DD1C3F}
		{8EE82E70-ACCA-4AA6-88A0-772FF9E2F76C} = {FBD1E705-8D63-4B4F-A278-0F22B0DD1C3F}
		{D2FC9391-E8B1-49FD-80EC-8758C9117011} = {8D89FE5C-CCD6-495C-84F4-D2D8D9A8F3B2}
		{81EB486A-C13A-4C16-8161-8FC83FA9BD94} = {8D89FE5C-CCD6-495C-84F4-D2D8D9A8F3B2}
		{B28D3ED5-1D04-4E19-9F73-DA694CC54B25} = {8D89FE5C-CCD6-495C-84F4-D2D8D9A8F3B2}
		{A534A4F7-58AF-4F8C-B5CA-AFD4A59D2080} = {8D89FE5C-CCD6-495C-84F4-D2D8D9A8F3B2}
		{B56D87FB-BEF3-48C6-A338-F2F0D5522592} = {8D89FE5C-CCD6-495C-84F4-D2D8D9A8F3B2}
		{39964986-0B53-40BD-9E2F-2F25F9E69D86} = {8D89FE5C-CCD6-495C-84F4-D2D8D9A8F3B2}
		{C77BD0DD-DE91-4A44-9B3C-A69D63455EE3} = {8D89FE5C-CCD6-495C-84F4-D2D8D9A8F3B2}
		{4828FC9B-69CE-474F-8506-69399D6A4B88} = {8D89FE5C-CCD6-495C-84F4-D2D8D9A8F3B2}
		{FEAD060C-3059-4E9B-AFF1-A025D10B21D6} = {8D89FE5C-CCD6-495C-84F4-D2D8D9A8F3B2}
		{648943D5-7580-4375-8BBA-EE9BED6343CD} = {8D89FE5C-CCD6-495C-84F4-D2D8D9A8F3B2}
		{95DB4415-F49F-433C-BF36-6258AB44A0E5} = {8D89FE5C-CCD6-495C-84F4-D2D8D9A8F3B2}
		{F44E2E27-83A0-4CB8-9DA3-5FD9E91997B1} = {8D89FE5C-CCD6-495C-84F4-D2D8D9A8F3B2}
		{DF034ACD-1078-4FF3-9D7B-31D4CAD8493D} = {8D89FE5C-CCD6-495C-84F4-D2D8D9A8F3B2}
		{EB3BD272-22A2-4D3F-9D71-9C70BC06A4AD} = {8D89FE5C-CCD6-495C-84F4-D2D8D9A8F3B2}
		{5DC9F38F-39B6-4800-A271-F6D0202244E0} = {8D89FE5C-CCD6-495C-84F4-D2D8D9A8F3B2}
		{F071023B-8443-42AA-BCA0-A29FC0BA9639} = {8D89FE5C-CCD6-495C-84F4-D2D8D9A8F3B2}
		{AA1490B5-C961-4A99-8809-D1FA3B7AC14E} = {E6EAB971-914F-4465-9E92-515454C58372}
		{0DBF7097-87F9-44EE-A603-AD2604BCF243} = {E6EAB971-914F-4465-9E92-515454C58372}
		{167EFD1F-F90C-4418-B6F5-60010759B073} = {E6EAB971-914F-4465-9E92-515454C58372}
		{B1BD72D9-9924-4B1E-AC7C-8A58ACB2FA10} = {89B7A025-1BEF-4901-AF49-287AAE97C304}
		{57C2F052-F3E2-410D-9A2E-4435AC3F6316} = {89B7A025-1BEF-4901-AF49-287AAE97C304}
		{AAC7CC57-2C6F-4B8A-B409-21E9D436C755} = {89B7A025-1BEF-4901-AF49-287AAE97C304}
		{4E7440B6-F114-4C69-A780-308739CC592E} = {89B7A025-1BEF-4901-AF49-287AAE97C304}
		{82B22558-C1B2-4280-9C39-98ACFE0EA552} = {89B7A025-1BEF-4901-AF49-287AAE97C304}
		{D4878E6B-D2D1-414C-B6D4-F2548BF866E7} = {89B7A025-1BEF-4901-AF49-287AAE97C304}
		{D317F479-62C0-4103-9965-85B1C5D10AF4} = {89B7A025-1BEF-4901-AF49-287AAE97C304}
		{52A97C75-2E06-45D2-BB7D-B4F39ACFDF89} = {89B7A025-1BEF-4901-AF49-287AAE97C304}
		{C84B7BC3-C0CD-4D31-878B-D47A9AE89626} = {89B7A025-1BEF-4901-AF49-287AAE97C304}
		{31E17A32-E439-4F9F-ACFE-5A791444208E} = {89B7A025-1BEF-4901-AF49-287AAE97C304}
		{BDFC4B81-BD86-4E07-B2D7-0E645BFA931D} = {89B7A025-1BEF-4901-AF49-287AAE97C304}
		{5671662F-A776-49EE-BCBA-F24EF7BA6836} = {B46D0189-3E71-4938-8CC4-F46C4CEA69A5}
		{AF23FDB6-5F63-4458-BB82-23EA975A24EE} = {B46D0189-3E71-4938-8CC4-F46C4CEA69A5}
		{AD9D8B0F-40CF-47AB-9801-97A9FEE046A8} = {B46D0189-3E71-4938-8CC4-F46C4CEA69A5}
		{ECD66674-8F7C-4762-991E-E5827631D517} = {B46D0189-3E71-4938-8CC4-F46C4CEA69A5}
		{9A3E7A36-43DB-4D76-BE90-8529E289AFF1} = {B46D0189-3E71-4938-8CC4-F46C4CEA69A5}
		{9749FB1D-BC11-46F0-8C4C-94D035A492EC} = {B46D0189-3E71-4938-8CC4-F46C4CEA69A5}
		{D8FB5820-2E9D-4DDC-B3F9-C1EF2C5D373E} = {B46D0189-3E71-4938-8CC4-F46C4CEA69A5}
		{3BB54BCA-67AA-4727-99D3-97841CF031B3} = {B46D0189-3E71-4938-8CC4-F46C4CEA69A5}
		{BD17DC6B-30E6-4596-8F82-5BAB21AE0843} = {B46D0189-3E71-4938-8CC4-F46C4CEA69A5}
		{6E386F4D-975E-4D6D-A8F0-655FF61B455A} = {B46D0189-3E71-4938-8CC4-F46C4CEA69A5}
		{A359EA38-A137-4625-B2BC-2E7BD69CEAD9} = {5CE4C01C-656A-48B9-A6BB-300322FC52DA}
	EndGlobalSection
	GlobalSection(ExtensibilityGlobals) = postSolution
		SolutionGuid = {EE69F9A9-0A27-4974-BE12-F157EEEE4729}
	EndGlobalSection
EndGlobal
